
Microsoft Visual Studio Solution File, Format Version 12.00
# Visual Studio Version 16
VisualStudioVersion = 16.0.29201.188
MinimumVisualStudioVersion = 10.0.40219.1
Project("{FAE04EC0-301F-11D3-BF4B-00C04F79EFBC}") = "XUnitTestProject1", "XUnitTestProject1.csproj", "{13556CAC-1670-4C1A-9459-FB903392BA83}"
EndProject
Global
	GlobalSection(SolutionConfigurationPlatforms) = preSolution
		Debug|Any CPU = Debug|Any CPU
		Release|Any CPU = Release|Any CPU
	EndGlobalSection
	GlobalSection(ProjectConfigurationPlatforms) = postSolution
		{13556CAC-1670-4C1A-9459-FB903392BA83}.Debug|Any CPU.ActiveCfg = Debug|Any CPU
		{13556CAC-1670-4C1A-9459-FB903392BA83}.Debug|Any CPU.Build.0 = Debug|Any CPU
		{13556CAC-1670-4C1A-9459-FB903392BA83}.Release|Any CPU.ActiveCfg = Release|Any CPU
		{13556CAC-1670-4C1A-9459-FB903392BA83}.Release|Any CPU.Build.0 = Release|Any CPU
	EndGlobalSection
	GlobalSection(SolutionProperties) = preSolution
		HideSolutionNode = FALSE
	EndGlobalSection
	GlobalSection(ExtensibilityGlobals) = postSolution
		SolutionGuid = {FD7A9BC4-BCDE-464B-B8E9-0C20A4F8AC60}
	EndGlobalSection
EndGlobal
